<?xml version="1.0" encoding="utf-8"?>
<Project ToolsVersion="4.0" xmlns="http://schemas.microsoft.com/developer/msbuild/2003">
  <ItemGroup>
    <ClCompile Include="library.cpp" />
    <ClCompile Include="miniz.c" />
    <ClCompile Include="asn1\cades\AdministrationDomainName.c">
      <Filter>CADES</Filter>
    </ClCompile>
    <ClCompile Include="asn1\cades\AlgorithmIdentifier.c">
      <Filter>CADES</Filter>
    </ClCompile>
    <ClCompile Include="asn1\cades\AlgorithmIdentifier2.c">
      <Filter>CADES</Filter>
    </ClCompile>
    <ClCompile Include="asn1\cades\AttributeType.c">
      <Filter>CADES</Filter>
    </ClCompile>
    <ClCompile Include="asn1\cades\AttributeTypeAndValue.c">
      <Filter>CADES</Filter>
    </ClCompile>
    <ClCompile Include="asn1\cades\AttributeValue.c">
      <Filter>CADES</Filter>
    </ClCompile>
    <ClCompile Include="asn1\cades\BuiltInDomainDefinedAttribute.c">
      <Filter>CADES</Filter>
    </ClCompile>
    <ClCompile Include="asn1\cades\BuiltInDomainDefinedAttributes.c">
      <Filter>CADES</Filter>
    </ClCompile>
    <ClCompile Include="asn1\cades\BuiltInStandardAttributes.c">
      <Filter>CADES</Filter>
    </ClCompile>
    <ClCompile Include="asn1\cades\CertificateSerialNumber.c">
      <Filter>CADES</Filter>
    </ClCompile>
    <ClCompile Include="asn1\cades\CertPolicyId.c">
      <Filter>CADES</Filter>
    </ClCompile>
    <ClCompile Include="asn1\cades\CommitmentTypeIdentifier.c">
      <Filter>CADES</Filter>
    </ClCompile>
    <ClCompile Include="asn1\cades\CommitmentTypeIndication.c">
      <Filter>CADES</Filter>
    </ClCompile>
    <ClCompile Include="asn1\cades\CommitmentTypeQualifier.c">
      <Filter>CADES</Filter>
    </ClCompile>
    <ClCompile Include="asn1\cades\CompleteCertificateRefs.c">
      <Filter>CADES</Filter>
    </ClCompile>
    <ClCompile Include="asn1\cades\CompleteRevocationRefs.c">
      <Filter>CADES</Filter>
    </ClCompile>
    <ClCompile Include="asn1\cades\CountryName.c">
      <Filter>CADES</Filter>
    </ClCompile>
    <ClCompile Include="asn1\cades\CrlIdentifier.c">
      <Filter>CADES</Filter>
    </ClCompile>
    <ClCompile Include="asn1\cades\CRLListID.c">
      <Filter>CADES</Filter>
    </ClCompile>
    <ClCompile Include="asn1\cades\CrlOcspRef.c">
      <Filter>CADES</Filter>
    </ClCompile>
    <ClCompile Include="asn1\cades\CrlValidatedID.c">
      <Filter>CADES</Filter>
    </ClCompile>
    <ClCompile Include="asn1\cades\DigestInfo.c">
      <Filter>CADES</Filter>
    </ClCompile>
    <ClCompile Include="asn1\cades\DirectoryString.c">
      <Filter>CADES</Filter>
    </ClCompile>
    <ClCompile Include="asn1\cades\EDIPartyName.c">
      <Filter>CADES</Filter>
    </ClCompile>
    <ClCompile Include="asn1\cades\ESSCertIDv2.c">
      <Filter>CADES</Filter>
    </ClCompile>
    <ClCompile Include="asn1\cades\ExtensionAttribute.c">
      <Filter>CADES</Filter>
    </ClCompile>
    <ClCompile Include="asn1\cades\ExtensionAttributes.c">
      <Filter>CADES</Filter>
    </ClCompile>
    <ClCompile Include="asn1\cades\GeneralName.c">
      <Filter>CADES</Filter>
    </ClCompile>
    <ClCompile Include="asn1\cades\GeneralNames.c">
      <Filter>CADES</Filter>
    </ClCompile>
    <ClCompile Include="asn1\cades\Hash.c">
      <Filter>CADES</Filter>
    </ClCompile>
    <ClCompile Include="asn1\cades\IssuerSerial.c">
      <Filter>CADES</Filter>
    </ClCompile>
    <ClCompile Include="asn1\cades\KeyHash.c">
      <Filter>CADES</Filter>
    </ClCompile>
    <ClCompile Include="asn1\cades\Name.c">
      <Filter>CADES</Filter>
    </ClCompile>
    <ClCompile Include="asn1\cades\NetworkAddress.c">
      <Filter>CADES</Filter>
    </ClCompile>
    <ClCompile Include="asn1\cades\NumericUserIdentifier.c">
      <Filter>CADES</Filter>
    </ClCompile>
    <ClCompile Include="asn1\cades\OcspIdentifier.c">
      <Filter>CADES</Filter>
    </ClCompile>
    <ClCompile Include="asn1\cades\OcspListID.c">
      <Filter>CADES</Filter>
    </ClCompile>
    <ClCompile Include="asn1\cades\OcspResponsesID.c">
      <Filter>CADES</Filter>
    </ClCompile>
    <ClCompile Include="asn1\cades\ORAddress.c">
      <Filter>CADES</Filter>
    </ClCompile>
    <ClCompile Include="asn1\cades\OrganizationalUnitName.c">
      <Filter>CADES</Filter>
    </ClCompile>
    <ClCompile Include="asn1\cades\OrganizationalUnitNames.c">
      <Filter>CADES</Filter>
    </ClCompile>
    <ClCompile Include="asn1\cades\OrganizationName.c">
      <Filter>CADES</Filter>
    </ClCompile>
    <ClCompile Include="asn1\cades\OtherCertID.c">
      <Filter>CADES</Filter>
    </ClCompile>
    <ClCompile Include="asn1\cades\OtherHash.c">
      <Filter>CADES</Filter>
    </ClCompile>
    <ClCompile Include="asn1\cades\OtherHashAlgAndValue.c">
      <Filter>CADES</Filter>
    </ClCompile>
    <ClCompile Include="asn1\cades\OtherHashValue.c">
      <Filter>CADES</Filter>
    </ClCompile>
    <ClCompile Include="asn1\cades\OtherName.c">
      <Filter>CADES</Filter>
    </ClCompile>
    <ClCompile Include="asn1\cades\OtherRevRefs.c">
      <Filter>CADES</Filter>
    </ClCompile>
    <ClCompile Include="asn1\cades\OtherRevRefType.c">
      <Filter>CADES</Filter>
    </ClCompile>
    <ClCompile Include="asn1\cades\OtherSigningCertificate.c">
      <Filter>CADES</Filter>
    </ClCompile>
    <ClCompile Include="asn1\cades\PersonalName.c">
      <Filter>CADES</Filter>
    </ClCompile>
    <ClCompile Include="asn1\cades\PolicyInformation.c">
      <Filter>CADES</Filter>
    </ClCompile>
    <ClCompile Include="asn1\cades\PolicyQualifierId.c">
      <Filter>CADES</Filter>
    </ClCompile>
    <ClCompile Include="asn1\cades\PolicyQualifierInfo.c">
      <Filter>CADES</Filter>
    </ClCompile>
    <ClCompile Include="asn1\cades\PostalAddress.c">
      <Filter>CADES</Filter>
    </ClCompile>
    <ClCompile Include="asn1\cades\PrivateDomainName.c">
      <Filter>CADES</Filter>
    </ClCompile>
    <ClCompile Include="asn1\cades\RDNSequence.c">
      <Filter>CADES</Filter>
    </ClCompile>
    <ClCompile Include="asn1\cades\RelativeDistinguishedName.c">
      <Filter>CADES</Filter>
    </ClCompile>
    <ClCompile Include="asn1\cades\ResponderID.c">
      <Filter>CADES</Filter>
    </ClCompile>
    <ClCompile Include="asn1\cades\SigDataV1Serialized.c">
      <Filter>CADES</Filter>
    </ClCompile>
    <ClCompile Include="asn1\cades\SigFormatDescriptorV1.c">
      <Filter>CADES</Filter>
    </ClCompile>
    <ClCompile Include="asn1\cades\SignaturePolicy.c">
      <Filter>CADES</Filter>
    </ClCompile>
    <ClCompile Include="asn1\cades\SignaturePolicyId.c">
      <Filter>CADES</Filter>
    </ClCompile>
    <ClCompile Include="asn1\cades\SignaturePolicyIdentifier.c">
      <Filter>CADES</Filter>
    </ClCompile>
    <ClCompile Include="asn1\cades\SignaturePolicyImplied.c">
      <Filter>CADES</Filter>
    </ClCompile>
    <ClCompile Include="asn1\cades\SignerLocation.c">
      <Filter>CADES</Filter>
    </ClCompile>
    <ClCompile Include="asn1\cades\SigningCertificateV2.c">
      <Filter>CADES</Filter>
    </ClCompile>
    <ClCompile Include="asn1\cades\SigPolicyHash.c">
      <Filter>CADES</Filter>
    </ClCompile>
    <ClCompile Include="asn1\cades\SigPolicyId.c">
      <Filter>CADES</Filter>
    </ClCompile>
    <ClCompile Include="asn1\cades\SigPolicyQualifierId.c">
      <Filter>CADES</Filter>
    </ClCompile>
    <ClCompile Include="asn1\cades\SigPolicyQualifierInfo.c">
      <Filter>CADES</Filter>
    </ClCompile>
    <ClCompile Include="asn1\cades\SpcAttributeTypeAndOptionalValue.c">
      <Filter>CADES</Filter>
    </ClCompile>
    <ClCompile Include="asn1\cades\SpcIndirectDataContent.c">
      <Filter>CADES</Filter>
    </ClCompile>
    <ClCompile Include="asn1\cades\SpcIndirectDataContentV2.c">
      <Filter>CADES</Filter>
    </ClCompile>
    <ClCompile Include="asn1\cades\SpcLink.c">
      <Filter>CADES</Filter>
    </ClCompile>
    <ClCompile Include="asn1\cades\SpcPeImageData.c">
      <Filter>CADES</Filter>
    </ClCompile>
    <ClCompile Include="asn1\cades\SpcPeImageFlags.c">
      <Filter>CADES</Filter>
    </ClCompile>
    <ClCompile Include="asn1\cades\SpcSerializedObject.c">
      <Filter>CADES</Filter>
    </ClCompile>
    <ClCompile Include="asn1\cades\SpcSpOpusInfo.c">
      <Filter>CADES</Filter>
    </ClCompile>
    <ClCompile Include="asn1\cades\SpcString.c">
      <Filter>CADES</Filter>
    </ClCompile>
    <ClCompile Include="asn1\cades\SpcUuid.c">
      <Filter>CADES</Filter>
    </ClCompile>
    <ClCompile Include="asn1\cades\TerminalIdentifier.c">
      <Filter>CADES</Filter>
    </ClCompile>
    <ClCompile Include="asn1\cades\TestTest.c">
      <Filter>CADES</Filter>
    </ClCompile>
    <ClCompile Include="asn1\cades\X121Address.c">
      <Filter>CADES</Filter>
    </ClCompile>
    <ClCompile Include="asn1\skeletons\ANY.c">
      <Filter>ASN1</Filter>
    </ClCompile>
    <ClCompile Include="asn1\skeletons\asn_codecs_prim.c">
      <Filter>ASN1</Filter>
    </ClCompile>
    <ClCompile Include="asn1\skeletons\asn_SEQUENCE_OF.c">
      <Filter>ASN1</Filter>
    </ClCompile>
    <ClCompile Include="asn1\skeletons\asn_SET_OF.c">
      <Filter>ASN1</Filter>
    </ClCompile>
    <ClCompile Include="asn1\skeletons\ber_decoder.c">
      <Filter>ASN1</Filter>
    </ClCompile>
    <ClCompile Include="asn1\skeletons\ber_tlv_length.c">
      <Filter>ASN1</Filter>
    </ClCompile>
    <ClCompile Include="asn1\skeletons\ber_tlv_tag.c">
      <Filter>ASN1</Filter>
    </ClCompile>
    <ClCompile Include="asn1\skeletons\BIT_STRING.c">
      <Filter>ASN1</Filter>
    </ClCompile>
    <ClCompile Include="asn1\skeletons\BMPString.c">
      <Filter>ASN1</Filter>
    </ClCompile>
    <ClCompile Include="asn1\skeletons\BOOLEAN.c">
      <Filter>ASN1</Filter>
    </ClCompile>
    <ClCompile Include="asn1\skeletons\constr_CHOICE.c">
      <Filter>ASN1</Filter>
    </ClCompile>
    <ClCompile Include="asn1\skeletons\constr_SEQUENCE.c">
      <Filter>ASN1</Filter>
    </ClCompile>
    <ClCompile Include="asn1\skeletons\constr_SEQUENCE_OF.c">
      <Filter>ASN1</Filter>
    </ClCompile>
    <ClCompile Include="asn1\skeletons\constr_SET.c">
      <Filter>ASN1</Filter>
    </ClCompile>
    <ClCompile Include="asn1\skeletons\constr_SET_OF.c">
      <Filter>ASN1</Filter>
    </ClCompile>
    <ClCompile Include="asn1\skeletons\constr_TYPE.c">
      <Filter>ASN1</Filter>
    </ClCompile>
    <ClCompile Include="asn1\skeletons\constraints.c">
      <Filter>ASN1</Filter>
    </ClCompile>
    <ClCompile Include="asn1\skeletons\der_encoder.c">
      <Filter>ASN1</Filter>
    </ClCompile>
    <ClCompile Include="asn1\skeletons\ENUMERATED.c">
      <Filter>ASN1</Filter>
    </ClCompile>
    <ClCompile Include="asn1\skeletons\GeneralizedTime.c">
      <Filter>ASN1</Filter>
    </ClCompile>
    <ClCompile Include="asn1\skeletons\GeneralString.c">
      <Filter>ASN1</Filter>
    </ClCompile>
    <ClCompile Include="asn1\skeletons\GraphicString.c">
      <Filter>ASN1</Filter>
    </ClCompile>
    <ClCompile Include="asn1\skeletons\IA5String.c">
      <Filter>ASN1</Filter>
    </ClCompile>
    <ClCompile Include="asn1\skeletons\INTEGER.c">
      <Filter>ASN1</Filter>
    </ClCompile>
    <ClCompile Include="asn1\skeletons\ISO646String.c">
      <Filter>ASN1</Filter>
    </ClCompile>
    <ClCompile Include="asn1\skeletons\NativeEnumerated.c">
      <Filter>ASN1</Filter>
    </ClCompile>
    <ClCompile Include="asn1\skeletons\NativeInteger.c">
      <Filter>ASN1</Filter>
    </ClCompile>
    <ClCompile Include="asn1\skeletons\NativeReal.c">
      <Filter>ASN1</Filter>
    </ClCompile>
    <ClCompile Include="asn1\skeletons\NULL.c">
      <Filter>ASN1</Filter>
    </ClCompile>
    <ClCompile Include="asn1\skeletons\NumericString.c">
      <Filter>ASN1</Filter>
    </ClCompile>
    <ClCompile Include="asn1\skeletons\OBJECT_IDENTIFIER.c">
      <Filter>ASN1</Filter>
    </ClCompile>
    <ClCompile Include="asn1\skeletons\ObjectDescriptor.c">
      <Filter>ASN1</Filter>
    </ClCompile>
    <ClCompile Include="asn1\skeletons\OCTET_STRING.c">
      <Filter>ASN1</Filter>
    </ClCompile>
    <ClCompile Include="asn1\skeletons\per_decoder.c">
      <Filter>ASN1</Filter>
    </ClCompile>
    <ClCompile Include="asn1\skeletons\per_encoder.c">
      <Filter>ASN1</Filter>
    </ClCompile>
    <ClCompile Include="asn1\skeletons\per_support.c">
      <Filter>ASN1</Filter>
    </ClCompile>
    <ClCompile Include="asn1\skeletons\PrintableString.c">
      <Filter>ASN1</Filter>
    </ClCompile>
    <ClCompile Include="asn1\skeletons\REAL.c">
      <Filter>ASN1</Filter>
    </ClCompile>
    <ClCompile Include="asn1\skeletons\RELATIVE-OID.c">
      <Filter>ASN1</Filter>
    </ClCompile>
    <ClCompile Include="asn1\skeletons\T61String.c">
      <Filter>ASN1</Filter>
    </ClCompile>
    <ClCompile Include="asn1\skeletons\TeletexString.c">
      <Filter>ASN1</Filter>
    </ClCompile>
    <ClCompile Include="asn1\skeletons\UniversalString.c">
      <Filter>ASN1</Filter>
    </ClCompile>
    <ClCompile Include="asn1\skeletons\UTCTime.c">
      <Filter>ASN1</Filter>
    </ClCompile>
    <ClCompile Include="asn1\skeletons\UTF8String.c">
      <Filter>ASN1</Filter>
    </ClCompile>
    <ClCompile Include="asn1\skeletons\VideotexString.c">
      <Filter>ASN1</Filter>
    </ClCompile>
    <ClCompile Include="asn1\skeletons\VisibleString.c">
      <Filter>ASN1</Filter>
    </ClCompile>
    <ClCompile Include="asn1\skeletons\xer_decoder.c">
      <Filter>ASN1</Filter>
    </ClCompile>
    <ClCompile Include="asn1\skeletons\xer_encoder.c">
      <Filter>ASN1</Filter>
    </ClCompile>
    <ClCompile Include="asn1\skeletons\xer_support.c">
      <Filter>ASN1</Filter>
    </ClCompile>
  </ItemGroup>
  <ItemGroup>
    <ClInclude Include="pdf.hpp">
      <Filter>Headers</Filter>
    </ClInclude>
    <ClInclude Include="AdES.hpp">
      <Filter>Headers</Filter>
    </ClInclude>
    <ClInclude Include="zipall.hpp">
      <Filter>Headers</Filter>
    </ClInclude>
    <ClInclude Include="miniz.h">
      <Filter>Headers</Filter>
    </ClInclude>
    <ClInclude Include="xml\xml3all.h">
      <Filter>Headers</Filter>
    </ClInclude>
  </ItemGroup>
  <ItemGroup>
    <CustomBuild Include=".\asn1\cades\cades.asn1" />
  </ItemGroup>
  <ItemGroup>
    <Filter Include="Headers">
      <UniqueIdentifier>{f2f93823-70d5-4b8a-86e3-d70cb9555bd9}</UniqueIdentifier>
      <Extensions>h;hpp;hxx;hm;inl;inc;xsd</Extensions>
    </Filter>
    <Filter Include="CADES">
      <UniqueIdentifier>{ac8ba1a3-5a83-4d65-a6f9-73f2d569a29f}</UniqueIdentifier>
    </Filter>
    <Filter Include="ASN1">
      <UniqueIdentifier>{7e1e8640-5f56-4d62-9f8b-46ae4a6467c5}</UniqueIdentifier>
    </Filter>
  </ItemGroup>
  <ItemGroup>
    <None Include="asn1\cades\ANY.c.lnk">
      <Filter>CADES</Filter>
    </None>
    <None Include="asn1\cades\asn_codecs_prim.c.lnk">
      <Filter>CADES</Filter>
    </None>
    <None Include="asn1\cades\asn_SEQUENCE_OF.c.lnk">
      <Filter>CADES</Filter>
    </None>
    <None Include="asn1\cades\asn_SET_OF.c.lnk">
      <Filter>CADES</Filter>
    </None>
    <None Include="asn1\cades\ber_decoder.c.lnk">
      <Filter>CADES</Filter>
    </None>
    <None Include="asn1\cades\ber_tlv_length.c.lnk">
      <Filter>CADES</Filter>
    </None>
    <None Include="asn1\cades\ber_tlv_tag.c.lnk">
      <Filter>CADES</Filter>
    </None>
    <None Include="asn1\cades\BIT_STRING.c.lnk">
      <Filter>CADES</Filter>
    </None>
    <None Include="asn1\cades\BMPString.c.lnk">
      <Filter>CADES</Filter>
    </None>
    <None Include="asn1\cades\BOOLEAN.c.lnk">
      <Filter>CADES</Filter>
    </None>
    <None Include="asn1\cades\constr_CHOICE.c.lnk">
      <Filter>CADES</Filter>
    </None>
    <None Include="asn1\cades\constr_SEQUENCE.c.lnk">
      <Filter>CADES</Filter>
    </None>
    <None Include="asn1\cades\constr_SEQUENCE_OF.c.lnk">
      <Filter>CADES</Filter>
    </None>
    <None Include="asn1\cades\constr_SET.c.lnk">
      <Filter>CADES</Filter>
    </None>
    <None Include="asn1\cades\constr_SET_OF.c.lnk">
      <Filter>CADES</Filter>
    </None>
    <None Include="asn1\cades\constr_TYPE.c.lnk">
      <Filter>CADES</Filter>
    </None>
    <None Include="asn1\cades\constraints.c.lnk">
      <Filter>CADES</Filter>
    </None>
    <None Include="asn1\cades\converter-sample.c.lnk">
      <Filter>CADES</Filter>
    </None>
    <None Include="asn1\cades\der_encoder.c.lnk">
      <Filter>CADES</Filter>
    </None>
    <None Include="asn1\cades\GeneralizedTime.c.lnk">
      <Filter>CADES</Filter>
    </None>
    <None Include="asn1\cades\IA5String.c.lnk">
      <Filter>CADES</Filter>
    </None>
    <None Include="asn1\cades\INTEGER.c.lnk">
      <Filter>CADES</Filter>
    </None>
    <None Include="asn1\cades\NativeEnumerated.c.lnk">
      <Filter>CADES</Filter>
    </None>
    <None Include="asn1\cades\NativeInteger.c.lnk">
      <Filter>CADES</Filter>
    </None>
    <None Include="asn1\cades\NULL.c.lnk">
      <Filter>CADES</Filter>
    </None>
    <None Include="asn1\cades\NumericString.c.lnk">
      <Filter>CADES</Filter>
    </None>
    <None Include="asn1\cades\OBJECT_IDENTIFIER.c.lnk">
      <Filter>CADES</Filter>
    </None>
    <None Include="asn1\cades\OCTET_STRING.c.lnk">
      <Filter>CADES</Filter>
    </None>
    <None Include="asn1\cades\per_decoder.c.lnk">
      <Filter>CADES</Filter>
    </None>
    <None Include="asn1\cades\per_encoder.c.lnk">
      <Filter>CADES</Filter>
    </None>
    <None Include="asn1\cades\per_support.c.lnk">
      <Filter>CADES</Filter>
    </None>
    <None Include="asn1\cades\PrintableString.c.lnk">
      <Filter>CADES</Filter>
    </None>
    <None Include="asn1\cades\TeletexString.c.lnk">
      <Filter>CADES</Filter>
    </None>
    <None Include="asn1\cades\UniversalString.c.lnk">
      <Filter>CADES</Filter>
    </None>
    <None Include="asn1\cades\UTCTime.c.lnk">
      <Filter>CADES</Filter>
    </None>
    <None Include="asn1\cades\UTF8String.c.lnk">
      <Filter>CADES</Filter>
    </None>
    <None Include="asn1\cades\xer_decoder.c.lnk">
      <Filter>CADES</Filter>
    </None>
    <None Include="asn1\cades\xer_encoder.c.lnk">
      <Filter>CADES</Filter>
    </None>
    <None Include="asn1\cades\xer_support.c.lnk">
      <Filter>CADES</Filter>
    </None>
  </ItemGroup>
</Project>